// !$*UTF8*$!
{
	archiveVersion = 1;
	classes = {
	};
	objectVersion = 50;
	objects = {

/* Begin PBXBuildFile section */
		131166FE253CE2BA00DEEEE1 /* AppDelegate.swift in Sources */ = {isa = PBXBuildFile; fileRef = 131166FD253CE2BA00DEEEE1 /* AppDelegate.swift */; };
		13116700253CE2BA00DEEEE1 /* SceneDelegate.swift in Sources */ = {isa = PBXBuildFile; fileRef = 131166FF253CE2BA00DEEEE1 /* SceneDelegate.swift */; };
		13116702253CE2BA00DEEEE1 /* ViewController.swift in Sources */ = {isa = PBXBuildFile; fileRef = 13116701253CE2BA00DEEEE1 /* ViewController.swift */; };
		13116705253CE2BA00DEEEE1 /* Main.storyboard in Resources */ = {isa = PBXBuildFile; fileRef = 13116703253CE2BA00DEEEE1 /* Main.storyboard */; };
		13116707253CE2C200DEEEE1 /* Assets.xcassets in Resources */ = {isa = PBXBuildFile; fileRef = 13116706253CE2C200DEEEE1 /* Assets.xcassets */; };
		1311670A253CE2C200DEEEE1 /* LaunchScreen.storyboard in Resources */ = {isa = PBXBuildFile; fileRef = 13116708253CE2C200DEEEE1 /* LaunchScreen.storyboard */; };
		13116715253CE2C300DEEEE1 /* flixsterTests.swift in Sources */ = {isa = PBXBuildFile; fileRef = 13116714253CE2C300DEEEE1 /* flixsterTests.swift */; };
		13116720253CE2C300DEEEE1 /* flixsterUITests.swift in Sources */ = {isa = PBXBuildFile; fileRef = 1311671F253CE2C300DEEEE1 /* flixsterUITests.swift */; };
/* End PBXBuildFile section */

/* Begin PBXContainerItemProxy section */
		13116711253CE2C300DEEEE1 /* PBXContainerItemProxy */ = {
			isa = PBXContainerItemProxy;
			containerPortal = 131166F2253CE2B900DEEEE1 /* Project object */;
			proxyType = 1;
			remoteGlobalIDString = 131166F9253CE2B900DEEEE1;
			remoteInfo = flixster;
		};
		1311671C253CE2C300DEEEE1 /* PBXContainerItemProxy */ = {
			isa = PBXContainerItemProxy;
			containerPortal = 131166F2253CE2B900DEEEE1 /* Project object */;
			proxyType = 1;
			remoteGlobalIDString = 131166F9253CE2B900DEEEE1;
			remoteInfo = flixster;
		};
/* End PBXContainerItemProxy section */

/* Begin PBXFileReference section */
		131166FA253CE2B900DEEEE1 /* flixster.app */ = {isa = PBXFileReference; explicitFileType = wrapper.application; includeInIndex = 0; path = flixster.app; sourceTree = BUILT_PRODUCTS_DIR; };
		131166FD253CE2BA00DEEEE1 /* AppDelegate.swift */ = {isa = PBXFileReference; lastKnownFileType = sourcecode.swift; path = AppDelegate.swift; sourceTree = "<group>"; };
		131166FF253CE2BA00DEEEE1 /* SceneDelegate.swift */ = {isa = PBXFileReference; lastKnownFileType = sourcecode.swift; path = SceneDelegate.swift; sourceTree = "<group>"; };
		13116701253CE2BA00DEEEE1 /* ViewController.swift */ = {isa = PBXFileReference; lastKnownFileType = sourcecode.swift; path = ViewController.swift; sourceTree = "<group>"; };
		13116704253CE2BA00DEEEE1 /* Base */ = {isa = PBXFileReference; lastKnownFileType = file.storyboard; name = Base; path = Base.lproj/Main.storyboard; sourceTree = "<group>"; };
		13116706253CE2C200DEEEE1 /* Assets.xcassets */ = {isa = PBXFileReference; lastKnownFileType = folder.assetcatalog; path = Assets.xcassets; sourceTree = "<group>"; };
		13116709253CE2C200DEEEE1 /* Base */ = {isa = PBXFileReference; lastKnownFileType = file.storyboard; name = Base; path = Base.lproj/LaunchScreen.storyboard; sourceTree = "<group>"; };
		1311670B253CE2C200DEEEE1 /* Info.plist */ = {isa = PBXFileReference; lastKnownFileType = text.plist.xml; path = Info.plist; sourceTree = "<group>"; };
		13116710253CE2C300DEEEE1 /* flixsterTests.xctest */ = {isa = PBXFileReference; explicitFileType = wrapper.cfbundle; includeInIndex = 0; path = flixsterTests.xctest; sourceTree = BUILT_PRODUCTS_DIR; };
		13116714253CE2C300DEEEE1 /* flixsterTests.swift */ = {isa = PBXFileReference; lastKnownFileType = sourcecode.swift; path = flixsterTests.swift; sourceTree = "<group>"; };
		13116716253CE2C300DEEEE1 /* Info.plist */ = {isa = PBXFileReference; lastKnownFileType = text.plist.xml; path = Info.plist; sourceTree = "<group>"; };
		1311671B253CE2C300DEEEE1 /* flixsterUITests.xctest */ = {isa = PBXFileReference; explicitFileType = wrapper.cfbundle; includeInIndex = 0; path = flixsterUITests.xctest; sourceTree = BUILT_PRODUCTS_DIR; };
		1311671F253CE2C300DEEEE1 /* flixsterUITests.swift */ = {isa = PBXFileReference; lastKnownFileType = sourcecode.swift; path = flixsterUITests.swift; sourceTree = "<group>"; };
		13116721253CE2C300DEEEE1 /* Info.plist */ = {isa = PBXFileReference; lastKnownFileType = text.plist.xml; path = Info.plist; sourceTree = "<group>"; };
/* End PBXFileReference section */

/* Begin PBXFrameworksBuildPhase section */
		131166F7253CE2B900DEEEE1 /* Frameworks */ = {
			isa = PBXFrameworksBuildPhase;
			buildActionMask = 2147483647;
			files = (
			);
			runOnlyForDeploymentPostprocessing = 0;
		};
		1311670D253CE2C300DEEEE1 /* Frameworks */ = {
			isa = PBXFrameworksBuildPhase;
			buildActionMask = 2147483647;
			files = (
			);
			runOnlyForDeploymentPostprocessing = 0;
		};
		13116718253CE2C300DEEEE1 /* Frameworks */ = {
			isa = PBXFrameworksBuildPhase;
			buildActionMask = 2147483647;
			files = (
			);
			runOnlyForDeploymentPostprocessing = 0;
		};
/* End PBXFrameworksBuildPhase section */

/* Begin PBXGroup section */
		131166F1253CE2B900DEEEE1 = {
			isa = PBXGroup;
			children = (
				131166FC253CE2B900DEEEE1 /* flixster */,
				13116713253CE2C300DEEEE1 /* flixsterTests */,
				1311671E253CE2C300DEEEE1 /* flixsterUITests */,
				131166FB253CE2B900DEEEE1 /* Products */,
			);
			sourceTree = "<group>";
		};
		131166FB253CE2B900DEEEE1 /* Products */ = {
			isa = PBXGroup;
			children = (
				131166FA253CE2B900DEEEE1 /* flixster.app */,
				13116710253CE2C300DEEEE1 /* flixsterTests.xctest */,
				1311671B253CE2C300DEEEE1 /* flixsterUITests.xctest */,
			);
			name = Products;
			sourceTree = "<group>";
		};
		131166FC253CE2B900DEEEE1 /* flixster */ = {
			isa = PBXGroup;
			children = (
				131166FD253CE2BA00DEEEE1 /* AppDelegate.swift */,
				131166FF253CE2BA00DEEEE1 /* SceneDelegate.swift */,
				13116701253CE2BA00DEEEE1 /* ViewController.swift */,
				13116703253CE2BA00DEEEE1 /* Main.storyboard */,
				13116706253CE2C200DEEEE1 /* Assets.xcassets */,
				13116708253CE2C200DEEEE1 /* LaunchScreen.storyboard */,
				1311670B253CE2C200DEEEE1 /* Info.plist */,
			);
			path = flixster;
			sourceTree = "<group>";
		};
		13116713253CE2C300DEEEE1 /* flixsterTests */ = {
			isa = PBXGroup;
			children = (
				13116714253CE2C300DEEEE1 /* flixsterTests.swift */,
				13116716253CE2C300DEEEE1 /* Info.plist */,
			);
			path = flixsterTests;
			sourceTree = "<group>";
		};
		1311671E253CE2C300DEEEE1 /* flixsterUITests */ = {
			isa = PBXGroup;
			children = (
				1311671F253CE2C300DEEEE1 /* flixsterUITests.swift */,
				13116721253CE2C300DEEEE1 /* Info.plist */,
			);
			path = flixsterUITests;
			sourceTree = "<group>";
		};
/* End PBXGroup section */

/* Begin PBXNativeTarget section */
		131166F9253CE2B900DEEEE1 /* flixster */ = {
			isa = PBXNativeTarget;
			buildConfigurationList = 13116724253CE2C300DEEEE1 /* Build configuration list for PBXNativeTarget "flixster" */;
			buildPhases = (
				131166F6253CE2B900DEEEE1 /* Sources */,
				131166F7253CE2B900DEEEE1 /* Frameworks */,
				131166F8253CE2B900DEEEE1 /* Resources */,
			);
			buildRules = (
			);
			dependencies = (
			);
			name = flixster;
			productName = flixster;
			productReference = 131166FA253CE2B900DEEEE1 /* flixster.app */;
			productType = "com.apple.product-type.application";
		};
		1311670F253CE2C300DEEEE1 /* flixsterTests */ = {
			isa = PBXNativeTarget;
			buildConfigurationList = 13116727253CE2C300DEEEE1 /* Build configuration list for PBXNativeTarget "flixsterTests" */;
			buildPhases = (
				1311670C253CE2C300DEEEE1 /* Sources */,
				1311670D253CE2C300DEEEE1 /* Frameworks */,
				1311670E253CE2C300DEEEE1 /* Resources */,
			);
			buildRules = (
			);
			dependencies = (
				13116712253CE2C300DEEEE1 /* PBXTargetDependency */,
			);
			name = flixsterTests;
			productName = flixsterTests;
			productReference = 13116710253CE2C300DEEEE1 /* flixsterTests.xctest */;
			productType = "com.apple.product-type.bundle.unit-test";
		};
		1311671A253CE2C300DEEEE1 /* flixsterUITests */ = {
			isa = PBXNativeTarget;
			buildConfigurationList = 1311672A253CE2C300DEEEE1 /* Build configuration list for PBXNativeTarget "flixsterUITests" */;
			buildPhases = (
				13116717253CE2C300DEEEE1 /* Sources */,
				13116718253CE2C300DEEEE1 /* Frameworks */,
				13116719253CE2C300DEEEE1 /* Resources */,
			);
			buildRules = (
			);
			dependencies = (
				1311671D253CE2C300DEEEE1 /* PBXTargetDependency */,
			);
			name = flixsterUITests;
			productName = flixsterUITests;
			productReference = 1311671B253CE2C300DEEEE1 /* flixsterUITests.xctest */;
			productType = "com.apple.product-type.bundle.ui-testing";
		};
/* End PBXNativeTarget section */

/* Begin PBXProject section */
		131166F2253CE2B900DEEEE1 /* Project object */ = {
			isa = PBXProject;
			attributes = {
				LastSwiftUpdateCheck = 1170;
				LastUpgradeCheck = 1170;
				ORGANIZATIONNAME = Codepath;
				TargetAttributes = {
					131166F9253CE2B900DEEEE1 = {
						CreatedOnToolsVersion = 11.7;
					};
					1311670F253CE2C300DEEEE1 = {
						CreatedOnToolsVersion = 11.7;
						TestTargetID = 131166F9253CE2B900DEEEE1;
					};
					1311671A253CE2C300DEEEE1 = {
						CreatedOnToolsVersion = 11.7;
						TestTargetID = 131166F9253CE2B900DEEEE1;
					};
				};
			};
			buildConfigurationList = 131166F5253CE2B900DEEEE1 /* Build configuration list for PBXProject "flixster" */;
			compatibilityVersion = "Xcode 9.3";
			developmentRegion = en;
			hasScannedForEncodings = 0;
			knownRegions = (
				en,
				Base,
			);
			mainGroup = 131166F1253CE2B900DEEEE1;
			productRefGroup = 131166FB253CE2B900DEEEE1 /* Products */;
			projectDirPath = "";
			projectRoot = "";
			targets = (
				131166F9253CE2B900DEEEE1 /* flixster */,
				1311670F253CE2C300DEEEE1 /* flixsterTests */,
				1311671A253CE2C300DEEEE1 /* flixsterUITests */,
			);
		};
/* End PBXProject section */

/* Begin PBXResourcesBuildPhase section */
		131166F8253CE2B900DEEEE1 /* Resources */ = {
			isa = PBXResourcesBuildPhase;
			buildActionMask = 2147483647;
			files = (
				1311670A253CE2C200DEEEE1 /* LaunchScreen.storyboard in Resources */,
				13116707253CE2C200DEEEE1 /* Assets.xcassets in Resources */,
				13116705253CE2BA00DEEEE1 /* Main.storyboard in Resources */,
			);
			runOnlyForDeploymentPostprocessing = 0;
		};
		1311670E253CE2C300DEEEE1 /* Resources */ = {
			isa = PBXResourcesBuildPhase;
			buildActionMask = 2147483647;
			files = (
			);
			runOnlyForDeploymentPostprocessing = 0;
		};
		13116719253CE2C300DEEEE1 /* Resources */ = {
			isa = PBXResourcesBuildPhase;
			buildActionMask = 2147483647;
			files = (
			);
			runOnlyForDeploymentPostprocessing = 0;
		};
/* End PBXResourcesBuildPhase section */

/* Begin PBXSourcesBuildPhase section */
		131166F6253CE2B900DEEEE1 /* Sources */ = {
			isa = PBXSourcesBuildPhase;
			buildActionMask = 2147483647;
			files = (
				13116702253CE2BA00DEEEE1 /* ViewController.swift in Sources */,
				131166FE253CE2BA00DEEEE1 /* AppDelegate.swift in Sources */,
				13116700253CE2BA00DEEEE1 /* SceneDelegate.swift in Sources */,
			);
			runOnlyForDeploymentPostprocessing = 0;
		};
		1311670C253CE2C300DEEEE1 /* Sources */ = {
			isa = PBXSourcesBuildPhase;
			buildActionMask = 2147483647;
			files = (
				13116715253CE2C300DEEEE1 /* flixsterTests.swift in Sources */,
			);
			runOnlyForDeploymentPostprocessing = 0;
		};
		13116717253CE2C300DEEEE1 /* Sources */ = {
			isa = PBXSourcesBuildPhase;
			buildActionMask = 2147483647;
			files = (
				13116720253CE2C300DEEEE1 /* flixsterUITests.swift in Sources */,
			);
			runOnlyForDeploymentPostprocessing = 0;
		};
/* End PBXSourcesBuildPhase section */

/* Begin PBXTargetDependency section */
		13116712253CE2C300DEEEE1 /* PBXTargetDependency */ = {
			isa = PBXTargetDependency;
			target = 131166F9253CE2B900DEEEE1 /* flixster */;
			targetProxy = 13116711253CE2C300DEEEE1 /* PBXContainerItemProxy */;
		};
		1311671D253CE2C300DEEEE1 /* PBXTargetDependency */ = {
			isa = PBXTargetDependency;
			target = 131166F9253CE2B900DEEEE1 /* flixster */;
			targetProxy = 1311671C253CE2C300DEEEE1 /* PBXContainerItemProxy */;
		};
/* End PBXTargetDependency section */

/* Begin PBXVariantGroup section */
		13116703253CE2BA00DEEEE1 /* Main.storyboard */ = {
			isa = PBXVariantGroup;
			children = (
				13116704253CE2BA00DEEEE1 /* Base */,
			);
			name = Main.storyboard;
			sourceTree = "<group>";
		};
		13116708253CE2C200DEEEE1 /* LaunchScreen.storyboard */ = {
			isa = PBXVariantGroup;
			children = (
				13116709253CE2C200DEEEE1 /* Base */,
			);
			name = LaunchScreen.storyboard;
			sourceTree = "<group>";
		};
/* End PBXVariantGroup section */

/* Begin XCBuildConfiguration section */
		13116722253CE2C300DEEEE1 /* Debug */ = {
			isa = XCBuildConfiguration;
			buildSettings = {
				ALWAYS_SEARCH_USER_PATHS = NO;
				CLANG_ANALYZER_NONNULL = YES;
				CLANG_ANALYZER_NUMBER_OBJECT_CONVERSION = YES_AGGRESSIVE;
				CLANG_CXX_LANGUAGE_STANDARD = "gnu++14";
				CLANG_CXX_LIBRARY = "libc++";
				CLANG_ENABLE_MODULES = YES;
				CLANG_ENABLE_OBJC_ARC = YES;
				CLANG_ENABLE_OBJC_WEAK = YES;
				CLANG_WARN_BLOCK_CAPTURE_AUTORELEASING = YES;
				CLANG_WARN_BOOL_CONVERSION = YES;
				CLANG_WARN_COMMA = YES;
				CLANG_WARN_CONSTANT_CONVERSION = YES;
				CLANG_WARN_DEPRECATED_OBJC_IMPLEMENTATIONS = YES;
				CLANG_WARN_DIRECT_OBJC_ISA_USAGE = YES_ERROR;
				CLANG_WARN_DOCUMENTATION_COMMENTS = YES;
				CLANG_WARN_EMPTY_BODY = YES;
				CLANG_WARN_ENUM_CONVERSION = YES;
				CLANG_WARN_INFINITE_RECURSION = YES;
				CLANG_WARN_INT_CONVERSION = YES;
				CLANG_WARN_NON_LITERAL_NULL_CONVERSION = YES;
				CLANG_WARN_OBJC_IMPLICIT_RETAIN_SELF = YES;
				CLANG_WARN_OBJC_LITERAL_CONVERSION = YES;
				CLANG_WARN_OBJC_ROOT_CLASS = YES_ERROR;
				CLANG_WARN_RANGE_LOOP_ANALYSIS = YES;
				CLANG_WARN_STRICT_PROTOTYPES = YES;
				CLANG_WARN_SUSPICIOUS_MOVE = YES;
				CLANG_WARN_UNGUARDED_AVAILABILITY = YES_AGGRESSIVE;
				CLANG_WARN_UNREACHABLE_CODE = YES;
				CLANG_WARN__DUPLICATE_METHOD_MATCH = YES;
				COPY_PHASE_STRIP = NO;
				DEBUG_INFORMATION_FORMAT = dwarf;
				ENABLE_STRICT_OBJC_MSGSEND = YES;
				ENABLE_TESTABILITY = YES;
				GCC_C_LANGUAGE_STANDARD = gnu11;
				GCC_DYNAMIC_NO_PIC = NO;
				GCC_NO_COMMON_BLOCKS = YES;
				GCC_OPTIMIZATION_LEVEL = 0;
				GCC_PREPROCESSOR_DEFINITIONS = (
					"DEBUG=1",
					"$(inherited)",
				);
				GCC_WARN_64_TO_32_BIT_CONVERSION = YES;
				GCC_WARN_ABOUT_RETURN_TYPE = YES_ERROR;
				GCC_WARN_UNDECLARED_SELECTOR = YES;
				GCC_WARN_UNINITIALIZED_AUTOS = YES_AGGRESSIVE;
				GCC_WARN_UNUSED_FUNCTION = YES;
				GCC_WARN_UNUSED_VARIABLE = YES;
				IPHONEOS_DEPLOYMENT_TARGET = 13.7;
				MTL_ENABLE_DEBUG_INFO = INCLUDE_SOURCE;
				MTL_FAST_MATH = YES;
				ONLY_ACTIVE_ARCH = YES;
				SDKROOT = iphoneos;
				SWIFT_ACTIVE_COMPILATION_CONDITIONS = DEBUG;
				SWIFT_OPTIMIZATION_LEVEL = "-Onone";
			};
			name = Debug;
		};
		13116723253CE2C300DEEEE1 /* Release */ = {
			isa = XCBuildConfiguration;
			buildSettings = {
				ALWAYS_SEARCH_USER_PATHS = NO;
				CLANG_ANALYZER_NONNULL = YES;
				CLANG_ANALYZER_NUMBER_OBJECT_CONVERSION = YES_AGGRESSIVE;
				CLANG_CXX_LANGUAGE_STANDARD = "gnu++14";
				CLANG_CXX_LIBRARY = "libc++";
				CLANG_ENABLE_MODULES = YES;
				CLANG_ENABLE_OBJC_ARC = YES;
				CLANG_ENABLE_OBJC_WEAK = YES;
				CLANG_WARN_BLOCK_CAPTURE_AUTORELEASING = YES;
				CLANG_WARN_BOOL_CONVERSION = YES;
				CLANG_WARN_COMMA = YES;
				CLANG_WARN_CONSTANT_CONVERSION = YES;
				CLANG_WARN_DEPRECATED_OBJC_IMPLEMENTATIONS = YES;
				CLANG_WARN_DIRECT_OBJC_ISA_USAGE = YES_ERROR;
				CLANG_WARN_DOCUMENTATION_COMMENTS = YES;
				CLANG_WARN_EMPTY_BODY = YES;
				CLANG_WARN_ENUM_CONVERSION = YES;
				CLANG_WARN_INFINITE_RECURSION = YES;
				CLANG_WARN_INT_CONVERSION = YES;
				CLANG_WARN_NON_LITERAL_NULL_CONVERSION = YES;
				CLANG_WARN_OBJC_IMPLICIT_RETAIN_SELF = YES;
				CLANG_WARN_OBJC_LITERAL_CONVERSION = YES;
				CLANG_WARN_OBJC_ROOT_CLASS = YES_ERROR;
				CLANG_WARN_RANGE_LOOP_ANALYSIS = YES;
				CLANG_WARN_STRICT_PROTOTYPES = YES;
				CLANG_WARN_SUSPICIOUS_MOVE = YES;
				CLANG_WARN_UNGUARDED_AVAILABILITY = YES_AGGRESSIVE;
				CLANG_WARN_UNREACHABLE_CODE = YES;
				CLANG_WARN__DUPLICATE_METHOD_MATCH = YES;
				COPY_PHASE_STRIP = NO;
				DEBUG_INFORMATION_FORMAT = "dwarf-with-dsym";
				ENABLE_NS_ASSERTIONS = NO;
				ENABLE_STRICT_OBJC_MSGSEND = YES;
				GCC_C_LANGUAGE_STANDARD = gnu11;
				GCC_NO_COMMON_BLOCKS = YES;
				GCC_WARN_64_TO_32_BIT_CONVERSION = YES;
				GCC_WARN_ABOUT_RETURN_TYPE = YES_ERROR;
				GCC_WARN_UNDECLARED_SELECTOR = YES;
				GCC_WARN_UNINITIALIZED_AUTOS = YES_AGGRESSIVE;
				GCC_WARN_UNUSED_FUNCTION = YES;
				GCC_WARN_UNUSED_VARIABLE = YES;
				IPHONEOS_DEPLOYMENT_TARGET = 13.7;
				MTL_ENABLE_DEBUG_INFO = NO;
				MTL_FAST_MATH = YES;
				SDKROOT = iphoneos;
				SWIFT_COMPILATION_MODE = wholemodule;
				SWIFT_OPTIMIZATION_LEVEL = "-O";
				VALIDATE_PRODUCT = YES;
			};
			name = Release;
		};
		13116725253CE2C300DEEEE1 /* Debug */ = {
			isa = XCBuildConfiguration;
			buildSettings = {
				ASSETCATALOG_COMPILER_APPICON_NAME = AppIcon;
				CODE_SIGN_STYLE = Automatic;
				INFOPLIST_FILE = flixster/Info.plist;
				LD_RUNPATH_SEARCH_PATHS = (
					"$(inherited)",
					"@executable_path/Frameworks",
				);
				PRODUCT_BUNDLE_IDENTIFIER = Codepath.flixster;
				PRODUCT_NAME = "$(TARGET_NAME)";
				SWIFT_VERSION = 5.0;
				TARGETED_DEVICE_FAMILY = "1,2";
			};
			name = Debug;
		};
		13116726253CE2C300DEEEE1 /* Release */ = {
			isa = XCBuildConfiguration;
			buildSettings = {
				ASSETCATALOG_COMPILER_APPICON_NAME = AppIcon;
				CODE_SIGN_STYLE = Automatic;
				INFOPLIST_FILE = flixster/Info.plist;
				LD_RUNPATH_SEARCH_PATHS = (
					"$(inherited)",
					"@executable_path/Frameworks",
				);
				PRODUCT_BUNDLE_IDENTIFIER = Codepath.flixster;
				PRODUCT_NAME = "$(TARGET_NAME)";
				SWIFT_VERSION = 5.0;
				TARGETED_DEVICE_FAMILY = "1,2";
			};
			name = Release;
		};
		13116728253CE2C300DEEEE1 /* Debug */ = {
			isa = XCBuildConfiguration;
			buildSettings = {
				ALWAYS_EMBED_SWIFT_STANDARD_LIBRARIES = YES;
				BUNDLE_LOADER = "$(TEST_HOST)";
				CODE_SIGN_STYLE = Automatic;
				INFOPLIST_FILE = flixsterTests/Info.plist;
				IPHONEOS_DEPLOYMENT_TARGET = 13.7;
				LD_RUNPATH_SEARCH_PATHS = (
					"$(inherited)",
					"@executable_path/Frameworks",
					"@loader_path/Frameworks",
				);
				PRODUCT_BUNDLE_IDENTIFIER = Codepath.flixsterTests;
				PRODUCT_NAME = "$(TARGET_NAME)";
				SWIFT_VERSION = 5.0;
				TARGETED_DEVICE_FAMILY = "1,2";
				TEST_HOST = "$(BUILT_PRODUCTS_DIR)/flixster.app/flixster";
			};
			name = Debug;
		};
		13116729253CE2C300DEEEE1 /* Release */ = {
			isa = XCBuildConfiguration;
			buildSettings = {
				ALWAYS_EMBED_SWIFT_STANDARD_LIBRARIES = YES;
				BUNDLE_LOADER = "$(TEST_HOST)";
				CODE_SIGN_STYLE = Automatic;
				INFOPLIST_FILE = flixsterTests/Info.plist;
				IPHONEOS_DEPLOYMENT_TARGET = 13.7;
				LD_RUNPATH_SEARCH_PATHS = (
					"$(inherited)",
					"@executable_path/Frameworks",
					"@loader_path/Frameworks",
				);
				PRODUCT_BUNDLE_IDENTIFIER = Codepath.flixsterTests;
				PRODUCT_NAME = "$(TARGET_NAME)";
				SWIFT_VERSION = 5.0;
				TARGETED_DEVICE_FAMILY = "1,2";
				TEST_HOST = "$(BUILT_PRODUCTS_DIR)/flixster.app/flixster";
			};
			name = Release;
		};
		1311672B253CE2C300DEEEE1 /* Debug */ = {
			isa = XCBuildConfiguration;
			buildSettings = {
				ALWAYS_EMBED_SWIFT_STANDARD_LIBRARIES = YES;
				CODE_SIGN_STYLE = Automatic;
				INFOPLIST_FILE = flixsterUITests/Info.plist;
				LD_RUNPATH_SEARCH_PATHS = (
					"$(inherited)",
					"@executable_path/Frameworks",
					"@loader_path/Frameworks",
				);
				PRODUCT_BUNDLE_IDENTIFIER = Codepath.flixsterUITests;
				PRODUCT_NAME = "$(TARGET_NAME)";
				SWIFT_VERSION = 5.0;
				TARGETED_DEVICE_FAMILY = "1,2";
				TEST_TARGET_NAME = flixster;
			};
			name = Debug;
		};
		1311672C253CE2C300DEEEE1 /* Release */ = {
			isa = XCBuildConfiguration;
			buildSettings = {
				ALWAYS_EMBED_SWIFT_STANDARD_LIBRARIES = YES;
				CODE_SIGN_STYLE = Automatic;
				INFOPLIST_FILE = flixsterUITests/Info.plist;
				LD_RUNPATH_SEARCH_PATHS = (
					"$(inherited)",
					"@executable_path/Frameworks",
					"@loader_path/Frameworks",
				);
				PRODUCT_BUNDLE_IDENTIFIER = Codepath.flixsterUITests;
				PRODUCT_NAME = "$(TARGET_NAME)";
				SWIFT_VERSION = 5.0;
				TARGETED_DEVICE_FAMILY = "1,2";
				TEST_TARGET_NAME = flixster;
			};
			name = Release;
		};
/* End XCBuildConfiguration section */

/* Begin XCConfigurationList section */
		131166F5253CE2B900DEEEE1 /* Build configuration list for PBXProject "flixster" */ = {
			isa = XCConfigurationList;
			buildConfigurations = (
				13116722253CE2C300DEEEE1 /* Debug */,
				13116723253CE2C300DEEEE1 /* Release */,
			);
			defaultConfigurationIsVisible = 0;
			defaultConfigurationName = Release;
		};
		13116724253CE2C300DEEEE1 /* Build configuration list for PBXNativeTarget "flixster" */ = {
			isa = XCConfigurationList;
			buildConfigurations = (
				13116725253CE2C300DEEEE1 /* Debug */,
				13116726253CE2C300DEEEE1 /* Release */,
			);
			defaultConfigurationIsVisible = 0;
			defaultConfigurationName = Release;
		};
		13116727253CE2C300DEEEE1 /* Build configuration list for PBXNativeTarget "flixsterTests" */ = {
			isa = XCConfigurationList;
			buildConfigurations = (
				13116728253CE2C300DEEEE1 /* Debug */,
				13116729253CE2C300DEEEE1 /* Release */,
			);
			defaultConfigurationIsVisible = 0;
			defaultConfigurationName = Release;
		};
		1311672A253CE2C300DEEEE1 /* Build configuration list for PBXNativeTarget "flixsterUITests" */ = {
			isa = XCConfigurationList;
			buildConfigurations = (
				1311672B253CE2C300DEEEE1 /* Debug */,
				1311672C253CE2C300DEEEE1 /* Release */,
			);
			defaultConfigurationIsVisible = 0;
			defaultConfigurationName = Release;
		};
/* End XCConfigurationList section */
	};
	rootObject = 131166F2253CE2B900DEEEE1 /* Project object */;
}
